
Microsoft Visual Studio Solution File, Format Version 12.00
# Visual Studio Version 16
VisualStudioVersion = 16.0.31313.79
MinimumVisualStudioVersion = 10.0.40219.1
Project("{FAE04EC0-301F-11D3-BF4B-00C04F79EFBC}") = "CS_Lab3_PIN-24_Khan_Anna", "CS_Lab3_PIN-24_Khan_Anna.csproj", "{90C87E69-829C-40FE-A4DD-FDD14BF5026B}"
EndProject
Global
	GlobalSection(SolutionConfigurationPlatforms) = preSolution
		Debug|Any CPU = Debug|Any CPU
		Release|Any CPU = Release|Any CPU
	EndGlobalSection
	GlobalSection(ProjectConfigurationPlatforms) = postSolution
		{90C87E69-829C-40FE-A4DD-FDD14BF5026B}.Debug|Any CPU.ActiveCfg = Debug|Any CPU
		{90C87E69-829C-40FE-A4DD-FDD14BF5026B}.Debug|Any CPU.Build.0 = Debug|Any CPU
		{90C87E69-829C-40FE-A4DD-FDD14BF5026B}.Release|Any CPU.ActiveCfg = Release|Any CPU
		{90C87E69-829C-40FE-A4DD-FDD14BF5026B}.Release|Any CPU.Build.0 = Release|Any CPU
	EndGlobalSection
	GlobalSection(SolutionProperties) = preSolution
		HideSolutionNode = FALSE
	EndGlobalSection
	GlobalSection(ExtensibilityGlobals) = postSolution
		SolutionGuid = {02067E58-0AD4-4333-A1BF-406C10717D34}
	EndGlobalSection
EndGlobal
