
Microsoft Visual Studio Solution File, Format Version 12.00
# Visual Studio Version 16
VisualStudioVersion = 16.0.31313.79
MinimumVisualStudioVersion = 10.0.40219.1
Project("{FAE04EC0-301F-11D3-BF4B-00C04F79EFBC}") = "CS_Lab5_PIN-24_Khan_Anna", "CS_Lab5_PIN-24_Khan_Anna.csproj", "{8ED291F5-F52F-4B7C-90CE-00932FEF62F5}"
EndProject
Global
	GlobalSection(SolutionConfigurationPlatforms) = preSolution
		Debug|Any CPU = Debug|Any CPU
		Release|Any CPU = Release|Any CPU
	EndGlobalSection
	GlobalSection(ProjectConfigurationPlatforms) = postSolution
		{8ED291F5-F52F-4B7C-90CE-00932FEF62F5}.Debug|Any CPU.ActiveCfg = Debug|Any CPU
		{8ED291F5-F52F-4B7C-90CE-00932FEF62F5}.Debug|Any CPU.Build.0 = Debug|Any CPU
		{8ED291F5-F52F-4B7C-90CE-00932FEF62F5}.Release|Any CPU.ActiveCfg = Release|Any CPU
		{8ED291F5-F52F-4B7C-90CE-00932FEF62F5}.Release|Any CPU.Build.0 = Release|Any CPU
	EndGlobalSection
	GlobalSection(SolutionProperties) = preSolution
		HideSolutionNode = FALSE
	EndGlobalSection
	GlobalSection(ExtensibilityGlobals) = postSolution
		SolutionGuid = {E72B14B8-F5CD-42CC-AE19-B19FE9CABA60}
	EndGlobalSection
EndGlobal
