
Microsoft Visual Studio Solution File, Format Version 12.00
# Visual Studio Version 16
VisualStudioVersion = 16.0.31313.79
MinimumVisualStudioVersion = 10.0.40219.1
Project("{FAE04EC0-301F-11D3-BF4B-00C04F79EFBC}") = "CS_Lab1_PIN-24_Khan_Anna", "CS_Lab1_PIN-24_Khan_Anna.csproj", "{CDFDD099-2049-4833-A5C4-70E1E5B1EB24}"
EndProject
Project("{2150E333-8FDC-42A3-9474-1A3956D46DE8}") = "Solution Items", "Solution Items", "{47C13748-68D8-43B7-BF61-5101261A3B96}"
EndProject
Global
	GlobalSection(SolutionConfigurationPlatforms) = preSolution
		Debug|Any CPU = Debug|Any CPU
		Release|Any CPU = Release|Any CPU
	EndGlobalSection
	GlobalSection(ProjectConfigurationPlatforms) = postSolution
		{CDFDD099-2049-4833-A5C4-70E1E5B1EB24}.Debug|Any CPU.ActiveCfg = Debug|Any CPU
		{CDFDD099-2049-4833-A5C4-70E1E5B1EB24}.Debug|Any CPU.Build.0 = Debug|Any CPU
		{CDFDD099-2049-4833-A5C4-70E1E5B1EB24}.Release|Any CPU.ActiveCfg = Release|Any CPU
		{CDFDD099-2049-4833-A5C4-70E1E5B1EB24}.Release|Any CPU.Build.0 = Release|Any CPU
	EndGlobalSection
	GlobalSection(SolutionProperties) = preSolution
		HideSolutionNode = FALSE
	EndGlobalSection
	GlobalSection(ExtensibilityGlobals) = postSolution
		SolutionGuid = {7F9D8892-F06E-49E2-B6A6-CCEE7FB5DEA3}
	EndGlobalSection
EndGlobal
